
Microsoft Visual Studio Solution File, Format Version 12.00
Project("{FAE04EC0-301F-11D3-BF4B-00C04F79EFBC}") = "Pet-Zoo-application", "Pet-Zoo-application\Pet-Zoo-application.csproj", "{EAC95090-21D8-4C5A-ABAB-566307DF5480}"
EndProject
Global
	GlobalSection(SolutionConfigurationPlatforms) = preSolution
		Debug|Any CPU = Debug|Any CPU
		Release|Any CPU = Release|Any CPU
	EndGlobalSection
	GlobalSection(ProjectConfigurationPlatforms) = postSolution
		{EAC95090-21D8-4C5A-ABAB-566307DF5480}.Debug|Any CPU.ActiveCfg = Debug|Any CPU
		{EAC95090-21D8-4C5A-ABAB-566307DF5480}.Debug|Any CPU.Build.0 = Debug|Any CPU
		{EAC95090-21D8-4C5A-ABAB-566307DF5480}.Release|Any CPU.ActiveCfg = Release|Any CPU
		{EAC95090-21D8-4C5A-ABAB-566307DF5480}.Release|Any CPU.Build.0 = Release|Any CPU
	EndGlobalSection
EndGlobal
